
Microsoft Visual Studio Solution File, Format Version 12.00
# Visual Studio Version 17
VisualStudioVersion = 17.9.34714.143
MinimumVisualStudioVersion = 10.0.40219.1
Project("{FAE04EC0-301F-11D3-BF4B-00C04F79EFBC}") = "ELToolForGENEXUS", "ELToolForGENEXUS\ELToolForGENEXUS.csproj", "{1D25AE2E-79FD-46A3-94D7-C1326D8B2A62}"
EndProject
Global
	GlobalSection(SolutionConfigurationPlatforms) = preSolution
		Debug|Any CPU = Debug|Any CPU
		Release|Any CPU = Release|Any CPU
	EndGlobalSection
	GlobalSection(ProjectConfigurationPlatforms) = postSolution
		{1D25AE2E-79FD-46A3-94D7-C1326D8B2A62}.Debug|Any CPU.ActiveCfg = Debug|Any CPU
		{1D25AE2E-79FD-46A3-94D7-C1326D8B2A62}.Debug|Any CPU.Build.0 = Debug|Any CPU
		{1D25AE2E-79FD-46A3-94D7-C1326D8B2A62}.Release|Any CPU.ActiveCfg = Release|Any CPU
		{1D25AE2E-79FD-46A3-94D7-C1326D8B2A62}.Release|Any CPU.Build.0 = Release|Any CPU
	EndGlobalSection
	GlobalSection(SolutionProperties) = preSolution
		HideSolutionNode = FALSE
	EndGlobalSection
	GlobalSection(ExtensibilityGlobals) = postSolution
		SolutionGuid = {607ED413-677A-464E-956F-C7740A74248E}
	EndGlobalSection
EndGlobal
